# THIS IS AN AUTOGENERATED FILE. DO NOT EDIT THIS FILE DIRECTLY.
# yarn lockfile v1


cross-spawn@^6.0.5:
  version "6.0.5"
  resolved "https://pi-artifactory.lmig.com/artifactory/api/npm/npm/cross-spawn/-/cross-spawn-6.0.5.tgz#4a5ec7c64dfae22c3a14124dbacdee846d80cbc4"
  integrity sha1-Sl7Hxk364iw6FBJNus3uhG2Ay8Q=
  dependencies:
    nice-try "^1.0.4"
    path-key "^2.0.1"
    semver "^5.5.0"
    shebang-command "^1.2.0"
    which "^1.2.9"

end-of-stream@^1.1.0:
  version "1.4.1"
  resolved "https://pi-artifactory.lmig.com/artifactory/api/npm/npm/end-of-stream/-/end-of-stream-1.4.1.tgz#ed29634d19baba463b6ce6b80a37213eab71ec43"
  integrity sha1-7SljTRm6ukY7bOa4CjchPqtx7EM=
  dependencies:
    once "^1.4.0"

execa@^2.0.4:
  version "2.0.4"
  resolved "https://pi-artifactory.lmig.com/artifactory/api/npm/npm/execa/-/execa-2.0.4.tgz#2f5cc589c81db316628627004ea4e37b93391d8e"
  integrity sha1-L1zFicgdsxZihicATqTje5M5HY4=
  dependencies:
    cross-spawn "^6.0.5"
    get-stream "^5.0.0"
    is-stream "^2.0.0"
    merge-stream "^2.0.0"
    npm-run-path "^3.0.0"
    onetime "^5.1.0"
    p-finally "^2.0.0"
    signal-exit "^3.0.2"
    strip-final-newline "^2.0.0"

get-stream@^5.0.0:
  version "5.1.0"
  resolved "https://pi-artifactory.lmig.com/artifactory/api/npm/npm/get-stream/-/get-stream-5.1.0.tgz#01203cdc92597f9b909067c3e656cc1f4d3c4dc9"
  integrity sha1-ASA83JJZf5uQkGfD5lbMH008Tck=
  dependencies:
    pump "^3.0.0"

is-stream@^2.0.0:
  version "2.0.0"
  resolved "https://pi-artifactory.lmig.com/artifactory/api/npm/npm/is-stream/-/is-stream-2.0.0.tgz#bde9c32680d6fae04129d6ac9d921ce7815f78e3"
  integrity sha1-venDJoDW+uBBKdasnZIc54FfeOM=

isexe@^2.0.0:
  version "2.0.0"
  resolved "https://pi-artifactory.lmig.com/artifactory/api/npm/npm/isexe/-/isexe-2.0.0.tgz#e8fbf374dc556ff8947a10dcb0572d633f2cfa10"
  integrity sha1-6PvzdNxVb/iUehDcsFctYz8s+hA=

merge-stream@^2.0.0:
  version "2.0.0"
  resolved "https://pi-artifactory.lmig.com/artifactory/api/npm/npm/merge-stream/-/merge-stream-2.0.0.tgz#52823629a14dd00c9770fb6ad47dc6310f2c1f60"
  integrity sha1-UoI2KaFN0AyXcPtq1H3GMQ8sH2A=

mimic-fn@^2.1.0:
  version "2.1.0"
  resolved "https://pi-artifactory.lmig.com/artifactory/api/npm/npm/mimic-fn/-/mimic-fn-2.1.0.tgz#7ed2c2ccccaf84d3ffcb7a69b57711fc2083401b"
  integrity sha1-ftLCzMyvhNP/y3pptXcR/CCDQBs=

nice-try@^1.0.4:
  version "1.0.5"
  resolved "https://pi-artifactory.lmig.com/artifactory/api/npm/npm/nice-try/-/nice-try-1.0.5.tgz#a3378a7696ce7d223e88fc9b764bd7ef1089e366"
  integrity sha1-ozeKdpbOfSI+iPybdkvX7xCJ42Y=

npm-run-path@^3.0.0:
  version "3.1.0"
  resolved "https://pi-artifactory.lmig.com/artifactory/api/npm/npm/npm-run-path/-/npm-run-path-3.1.0.tgz#7f91be317f6a466efed3c9f2980ad8a4ee8b0fa5"
  integrity sha1-f5G+MX9qRm7+08nymArYpO6LD6U=
  dependencies:
    path-key "^3.0.0"

once@^1.3.1, once@^1.4.0:
  version "1.4.0"
  resolved "https://pi-artifactory.lmig.com/artifactory/api/npm/npm/once/-/once-1.4.0.tgz#583b1aa775961d4b113ac17d9c50baef9dd76bd1"
  integrity sha1-WDsap3WWHUsROsF9nFC6753Xa9E=
  dependencies:
    wrappy "1"

onetime@^5.1.0:
  version "5.1.0"
  resolved "https://pi-artifactory.lmig.com/artifactory/api/npm/npm/onetime/-/onetime-5.1.0.tgz#fff0f3c91617fe62bb50189636e99ac8a6df7be5"
  integrity sha1-//DzyRYX/mK7UBiWNumayKbfe+U=
  dependencies:
    mimic-fn "^2.1.0"

p-finally@^2.0.0:
  version "2.0.1"
  resolved "https://pi-artifactory.lmig.com/artifactory/api/npm/npm/p-finally/-/p-finally-2.0.1.tgz#bd6fcaa9c559a096b680806f4d657b3f0f240561"
  integrity sha1-vW/KqcVZoJa2gIBvTWV7Pw8kBWE=

path-key@^2.0.1:
  version "2.0.1"
  resolved "https://pi-artifactory.lmig.com/artifactory/api/npm/npm/path-key/-/path-key-2.0.1.tgz#411cadb574c5a140d3a4b1910d40d80cc9f40b40"
  integrity sha1-QRyttXTFoUDTpLGRDUDYDMn0C0A=

path-key@^3.0.0:
  version "3.1.0"
  resolved "https://pi-artifactory.lmig.com/artifactory/api/npm/npm/path-key/-/path-key-3.1.0.tgz#99a10d870a803bdd5ee6f0470e58dfcd2f9a54d3"
  integrity sha1-maENhwqAO91e5vBHDljfzS+aVNM=

pump@^3.0.0:
  version "3.0.0"
  resolved "https://pi-artifactory.lmig.com/artifactory/api/npm/npm/pump/-/pump-3.0.0.tgz#b4a2116815bde2f4e1ea602354e8c75565107a64"
  integrity sha1-tKIRaBW94vTh6mAjVOjHVWUQemQ=
  dependencies:
    end-of-stream "^1.1.0"
    once "^1.3.1"

semver@^5.5.0:
  version "5.7.1"
  resolved "https://pi-artifactory.lmig.com/artifactory/api/npm/npm/semver/-/semver-5.7.1.tgz#a954f931aeba508d307bbf069eff0c01c96116f7"
  integrity sha1-qVT5Ma66UI0we78Gnv8MAclhFvc=

shebang-command@^1.2.0:
  version "1.2.0"
  resolved "https://pi-artifactory.lmig.com/artifactory/api/npm/npm/shebang-command/-/shebang-command-1.2.0.tgz#44aac65b695b03398968c39f363fee5deafdf1ea"
  integrity sha1-RKrGW2lbAzmJaMOfNj/uXer98eo=
  dependencies:
    shebang-regex "^1.0.0"

shebang-regex@^1.0.0:
  version "1.0.0"
  resolved "https://pi-artifactory.lmig.com/artifactory/api/npm/npm/shebang-regex/-/shebang-regex-1.0.0.tgz#da42f49740c0b42db2ca9728571cb190c98efea3"
  integrity sha1-2kL0l0DAtC2yypcoVxyxkMmO/qM=

signal-exit@^3.0.2:
  version "3.0.2"
  resolved "https://pi-artifactory.lmig.com/artifactory/api/npm/npm/signal-exit/-/signal-exit-3.0.2.tgz#b5fdc08f1287ea1178628e415e25132b73646c6d"
  integrity sha1-tf3AjxKH6hF4Yo5BXiUTK3NkbG0=

strip-final-newline@^2.0.0:
  version "2.0.0"
  resolved "https://pi-artifactory.lmig.com/artifactory/api/npm/npm/strip-final-newline/-/strip-final-newline-2.0.0.tgz#89b852fb2fcbe936f6f4b3187afb0a12c1ab58ad"
  integrity sha1-ibhS+y/L6Tb29LMYevsKEsGrWK0=

which@^1.2.9:
  version "1.3.1"
  resolved "https://pi-artifactory.lmig.com/artifactory/api/npm/npm/which/-/which-1.3.1.tgz#a45043d54f5805316da8d62f9f50918d3da70b0a"
  integrity sha1-pFBD1U9YBTFtqNYvn1CRjT2nCwo=
  dependencies:
    isexe "^2.0.0"

wrappy@1:
  version "1.0.2"
  resolved "https://pi-artifactory.lmig.com/artifactory/api/npm/npm/wrappy/-/wrappy-1.0.2.tgz#b5243d8f3ec1aa35f1364605bc0d1036e30ab69f"
  integrity sha1-tSQ9jz7BqjXxNkYFvA0QNuMKtp8=
