# THIS IS AN AUTOGENERATED FILE. DO NOT EDIT THIS FILE DIRECTLY.
# yarn lockfile v1


axios@^0.19.0:
  version "0.19.0"
  resolved "https://pi-artifactory.lmig.com/artifactory/api/npm/npm/axios/-/axios-0.19.0.tgz#8e09bff3d9122e133f7b8101c8fbdd00ed3d2ab8"
  integrity sha1-jgm/89kSLhM/e4EByPvdAO09Krg=
  dependencies:
    follow-redirects "1.5.10"
    is-buffer "^2.0.2"

buffer-equal-constant-time@1.0.1:
  version "1.0.1"
  resolved "https://pi-artifactory.lmig.com/artifactory/api/npm/npm/buffer-equal-constant-time/-/buffer-equal-constant-time-1.0.1.tgz#f8e71132f7ffe6e01a5c9697a4c6f3e48d5cc819"

debug@=3.1.0:
  version "3.1.0"
  resolved "https://pi-artifactory.lmig.com/artifactory/api/npm/npm/debug/-/debug-3.1.0.tgz#5bb5a0672628b64149566ba16819e61518c67261"
  integrity sha1-W7WgZyYotkFJVmuhaBnmFRjGcmE=
  dependencies:
    ms "2.0.0"

ecdsa-sig-formatter@1.0.11:
  version "1.0.11"
  resolved "https://pi-artifactory.lmig.com/artifactory/api/npm/npm/ecdsa-sig-formatter/-/ecdsa-sig-formatter-1.0.11.tgz#ae0f0fa2d85045ef14a817daa3ce9acd0489e5bf"
  dependencies:
    safe-buffer "^5.0.1"

follow-redirects@1.5.10:
  version "1.5.10"
  resolved "https://pi-artifactory.lmig.com/artifactory/api/npm/npm/follow-redirects/-/follow-redirects-1.5.10.tgz#7b7a9f9aea2fdff36786a94ff643ed07f4ff5e2a"
  integrity sha1-e3qfmuov3/NnhqlP9kPtB/T/Xio=
  dependencies:
    debug "=3.1.0"

http-status-codes@^1.3.2:
  version "1.3.2"
  resolved "https://pi-artifactory.lmig.com/artifactory/api/npm/npm/http-status-codes/-/http-status-codes-1.3.2.tgz#181dfa4455ef454e5e4d827718fca3936680d10d"

is-buffer@^2.0.2:
  version "2.0.3"
  resolved "https://pi-artifactory.lmig.com/artifactory/api/npm/npm/is-buffer/-/is-buffer-2.0.3.tgz#4ecf3fcf749cbd1e472689e109ac66261a25e725"
  integrity sha1-Ts8/z3ScvR5HJonhCaxmJhol5yU=

jsonwebtoken@^8.5.1:
  version "8.5.1"
  resolved "https://pi-artifactory.lmig.com/artifactory/api/npm/npm/jsonwebtoken/-/jsonwebtoken-8.5.1.tgz#00e71e0b8df54c2121a1f26137df2280673bcc0d"
  dependencies:
    jws "^3.2.2"
    lodash.includes "^4.3.0"
    lodash.isboolean "^3.0.3"
    lodash.isinteger "^4.0.4"
    lodash.isnumber "^3.0.3"
    lodash.isplainobject "^4.0.6"
    lodash.isstring "^4.0.1"
    lodash.once "^4.0.0"
    ms "^2.1.1"
    semver "^5.6.0"

jwa@^1.4.1:
  version "1.4.1"
  resolved "https://pi-artifactory.lmig.com/artifactory/api/npm/npm/jwa/-/jwa-1.4.1.tgz#743c32985cb9e98655530d53641b66c8645b039a"
  dependencies:
    buffer-equal-constant-time "1.0.1"
    ecdsa-sig-formatter "1.0.11"
    safe-buffer "^5.0.1"

jws@^3.2.2:
  version "3.2.2"
  resolved "https://pi-artifactory.lmig.com/artifactory/api/npm/npm/jws/-/jws-3.2.2.tgz#001099f3639468c9414000e99995fa52fb478304"
  dependencies:
    jwa "^1.4.1"
    safe-buffer "^5.0.1"

lodash.includes@^4.3.0:
  version "4.3.0"
  resolved "https://pi-artifactory.lmig.com/artifactory/api/npm/npm/lodash.includes/-/lodash.includes-4.3.0.tgz#60bb98a87cb923c68ca1e51325483314849f553f"

lodash.isboolean@^3.0.3:
  version "3.0.3"
  resolved "https://pi-artifactory.lmig.com/artifactory/api/npm/npm/lodash.isboolean/-/lodash.isboolean-3.0.3.tgz#6c2e171db2a257cd96802fd43b01b20d5f5870f6"

lodash.isinteger@^4.0.4:
  version "4.0.4"
  resolved "https://pi-artifactory.lmig.com/artifactory/api/npm/npm/lodash.isinteger/-/lodash.isinteger-4.0.4.tgz#619c0af3d03f8b04c31f5882840b77b11cd68343"

lodash.isnumber@^3.0.3:
  version "3.0.3"
  resolved "https://pi-artifactory.lmig.com/artifactory/api/npm/npm/lodash.isnumber/-/lodash.isnumber-3.0.3.tgz#3ce76810c5928d03352301ac287317f11c0b1ffc"

lodash.isplainobject@^4.0.6:
  version "4.0.6"
  resolved "https://pi-artifactory.lmig.com/artifactory/api/npm/npm/lodash.isplainobject/-/lodash.isplainobject-4.0.6.tgz#7c526a52d89b45c45cc690b88163be0497f550cb"

lodash.isstring@^4.0.1:
  version "4.0.1"
  resolved "https://pi-artifactory.lmig.com/artifactory/api/npm/npm/lodash.isstring/-/lodash.isstring-4.0.1.tgz#d527dfb5456eca7cc9bb95d5daeaf88ba54a5451"

lodash.once@^4.0.0:
  version "4.1.1"
  resolved "https://pi-artifactory.lmig.com/artifactory/api/npm/npm/lodash.once/-/lodash.once-4.1.1.tgz#0dd3971213c7c56df880977d504c88fb471a97ac"

ms@2.0.0:
  version "2.0.0"
  resolved "https://pi-artifactory.lmig.com/artifactory/api/npm/npm/ms/-/ms-2.0.0.tgz#5608aeadfc00be6c2901df5f9861788de0d597c8"
  integrity sha1-VgiurfwAvmwpAd9fmGF4jeDVl8g=

ms@^2.1.1:
  version "2.1.2"
  resolved "https://pi-artifactory.lmig.com/artifactory/api/npm/npm/ms/-/ms-2.1.2.tgz#d09d1f357b443f493382a8eb3ccd183872ae6009"

node-fetch@^2.6.0:
  version "2.6.0"
  resolved "https://pi-artifactory.lmig.com/artifactory/api/npm/npm/node-fetch/-/node-fetch-2.6.0.tgz#e633456386d4aa55863f676a7ab0daa8fdecb0fd"

safe-buffer@^5.0.1:
  version "5.2.0"
  resolved "https://pi-artifactory.lmig.com/artifactory/api/npm/npm/safe-buffer/-/safe-buffer-5.2.0.tgz#b74daec49b1148f88c64b68d49b1e815c1f2f519"

semver@^5.6.0:
  version "5.7.1"
  resolved "https://pi-artifactory.lmig.com/artifactory/api/npm/npm/semver/-/semver-5.7.1.tgz#a954f931aeba508d307bbf069eff0c01c96116f7"
