# THIS IS AN AUTOGENERATED FILE. DO NOT EDIT THIS FILE DIRECTLY.
# yarn lockfile v1


esprima@^4.0.1:
  version "4.0.1"
  resolved "https://pi-artifactory.lmig.com/artifactory/api/npm/npm/esprima/-/esprima-4.0.1.tgz#13b04cdb3e6c5d19df91ab6987a8695619b0aa71"

esquery@^1.0.1:
  version "1.0.1"
  resolved "https://pi-artifactory.lmig.com/artifactory/api/npm/npm/esquery/-/esquery-1.0.1.tgz#406c51658b1f5991a5f9b62b1dc25b00e3e5c708"
  dependencies:
    estraverse "^4.0.0"

estraverse@^4.0.0:
  version "4.2.0"
  resolved "https://pi-artifactory.lmig.com/artifactory/api/npm/npm/estraverse/-/estraverse-4.2.0.tgz#0dee3fed31fcd469618ce7342099fc1afa0bdb13"

lodash@^4.17.15:
  version "4.17.15"
  resolved "https://pi-artifactory.lmig.com/artifactory/api/npm/npm/lodash/-/lodash-4.17.15.tgz#b447f6670a0455bbfeedd11392eff330ea097548"
