# THIS IS AN AUTOGENERATED FILE. DO NOT EDIT THIS FILE DIRECTLY.
# yarn lockfile v1


"@lmig/bmo-injector@^0.1.1":
  version "0.1.1"
  resolved "https://pi-artifactory.lmig.com/artifactory/api/npm/npm/@lmig/bmo-injector/-/@lmig/bmo-injector-0.1.1.tgz#8fdc950caf87ee3c30305056df39fd515029a0a2"
  integrity sha1-j9yVDK+H7jwwMFBW3zn9UVApoKI=
  dependencies:
    esprima "^4.0.1"
    esquery "^1.0.1"
    lodash "^4.17.15"

esprima@^4.0.1:
  version "4.0.1"
  resolved "https://pi-artifactory.lmig.com/artifactory/api/npm/npm/esprima/-/esprima-4.0.1.tgz#13b04cdb3e6c5d19df91ab6987a8695619b0aa71"
  integrity sha1-E7BM2z5sXRnfkatph6hpVhmwqnE=

esquery@^1.0.1:
  version "1.0.1"
  resolved "https://pi-artifactory.lmig.com/artifactory/api/npm/npm/esquery/-/esquery-1.0.1.tgz#406c51658b1f5991a5f9b62b1dc25b00e3e5c708"
  integrity sha1-QGxRZYsfWZGl+bYrHcJbAOPlxwg=
  dependencies:
    estraverse "^4.0.0"

estraverse@^4.0.0:
  version "4.3.0"
  resolved "https://pi-artifactory.lmig.com/artifactory/api/npm/npm/estraverse/-/estraverse-4.3.0.tgz#398ad3f3c5a24948be7725e83d11a7de28cdbd1d"
  integrity sha1-OYrT88WiSUi+dyXoPRGn3ijNvR0=

lodash@^4.17.15:
  version "4.17.15"
  resolved "https://pi-artifactory.lmig.com/artifactory/api/npm/npm/lodash/-/lodash-4.17.15.tgz#b447f6670a0455bbfeedd11392eff330ea097548"
  integrity sha1-tEf2ZwoEVbv+7dETku/zMOoJdUg=

oracledb@~3:
  version "3.1.2"
  resolved "https://pi-artifactory.lmig.com/artifactory/api/npm/npm/oracledb/-/oracledb-3.1.2.tgz#4d7df7b8eda161d4e645837cd43c530232d139e8"
  integrity sha1-TX33uO2hYdTmRYN81DxTAjLROeg=
