# THIS IS AN AUTOGENERATED FILE. DO NOT EDIT THIS FILE DIRECTLY.
# yarn lockfile v1


oracledb@^4.0.1:
  version "4.0.1"
  resolved "https://pi-artifactory.lmig.com/artifactory/api/npm/npm/oracledb/-/oracledb-4.0.1.tgz#1580be9d932a394bfe9cb5f913dfb41b21849cb8"
  integrity sha1-FYC+nZMqOUv+nLX5E9+0GyGEnLg=
