{
  "name": "@b-mo/config",
  "version": "0.7.0",
  "lockfileVersion": 2,
  "requires": true,
  "packages": {
    "": {
      "name": "@b-mo/config",
      "version": "0.7.0",
      "license": "Apache-2.0",
      "dependencies": {
        "@b-mo/es6-require": "^0.7.0",
        "lodash": "^4.17.20"
      }
    },
    "../es6Require": {
      "name": "@b-mo/es6-require",
      "version": "0.7.0",
      "license": "Apache-2.0"
    },
    "node_modules/@b-mo/es6-require": {
      "resolved": "../es6Require",
      "link": true
    },
    "node_modules/lodash": {
      "version": "4.17.21",
      "license": "MIT"
    }
  },
  "dependencies": {
    "@b-mo/es6-require": {
      "version": "file:../es6Require"
    },
    "lodash": {
      "version": "4.17.21"
    }
  }
}
