{
  "name": "@b-mo/mocker",
  "version": "0.7.1",
  "lockfileVersion": 2,
  "requires": true,
  "packages": {
    "": {
      "name": "@b-mo/mocker",
      "version": "0.7.1",
      "license": "Apache-2.0",
      "dependencies": {
        "@b-mo/bundle": "^0.7.1",
        "@b-mo/injector": "^0.7.0",
        "dotenv": "^8.2.0",
        "lodash": "^4.17.20"
      }
    },
    "../bundle": {
      "name": "@b-mo/bundle",
      "version": "0.7.2",
      "license": "Apache-2.0",
      "dependencies": {
        "@b-mo/config": "^0.7.0",
        "@b-mo/es6-require": "^0.7.0",
        "@b-mo/injector": "^0.7.0",
        "@b-mo/module-loader": "^0.7.0",
        "fs-extra": "^9.1.0",
        "lodash": "^4.17.20",
        "pkg-up": "^3.1.0"
      }
    },
    "../bundle/node_modules/@b-mo/config": {
      "resolved": "../config",
      "link": true
    },
    "../bundle/node_modules/@b-mo/es6-require": {
      "resolved": "../es6Require",
      "link": true
    },
    "../bundle/node_modules/@b-mo/injector": {
      "resolved": "../injector",
      "link": true
    },
    "../bundle/node_modules/@b-mo/module-loader": {
      "resolved": "../moduleLoader",
      "link": true
    },
    "../bundle/node_modules/at-least-node": {
      "version": "1.0.0",
      "license": "ISC",
      "engines": {
        "node": ">= 4.0.0"
      }
    },
    "../bundle/node_modules/find-up": {
      "version": "3.0.0",
      "license": "MIT",
      "dependencies": {
        "locate-path": "^3.0.0"
      },
      "engines": {
        "node": ">=6"
      }
    },
    "../bundle/node_modules/fs-extra": {
      "version": "9.1.0",
      "license": "MIT",
      "dependencies": {
        "at-least-node": "^1.0.0",
        "graceful-fs": "^4.2.0",
        "jsonfile": "^6.0.1",
        "universalify": "^2.0.0"
      },
      "engines": {
        "node": ">=10"
      }
    },
    "../bundle/node_modules/graceful-fs": {
      "version": "4.2.10",
      "license": "ISC"
    },
    "../bundle/node_modules/jsonfile": {
      "version": "6.1.0",
      "license": "MIT",
      "dependencies": {
        "universalify": "^2.0.0"
      },
      "optionalDependencies": {
        "graceful-fs": "^4.1.6"
      }
    },
    "../bundle/node_modules/locate-path": {
      "version": "3.0.0",
      "license": "MIT",
      "dependencies": {
        "p-locate": "^3.0.0",
        "path-exists": "^3.0.0"
      },
      "engines": {
        "node": ">=6"
      }
    },
    "../bundle/node_modules/lodash": {
      "version": "4.17.21",
      "license": "MIT"
    },
    "../bundle/node_modules/p-limit": {
      "version": "2.3.0",
      "license": "MIT",
      "dependencies": {
        "p-try": "^2.0.0"
      },
      "engines": {
        "node": ">=6"
      },
      "funding": {
        "url": "https://github.com/sponsors/sindresorhus"
      }
    },
    "../bundle/node_modules/p-locate": {
      "version": "3.0.0",
      "license": "MIT",
      "dependencies": {
        "p-limit": "^2.0.0"
      },
      "engines": {
        "node": ">=6"
      }
    },
    "../bundle/node_modules/p-try": {
      "version": "2.2.0",
      "license": "MIT",
      "engines": {
        "node": ">=6"
      }
    },
    "../bundle/node_modules/path-exists": {
      "version": "3.0.0",
      "license": "MIT",
      "engines": {
        "node": ">=4"
      }
    },
    "../bundle/node_modules/pkg-up": {
      "version": "3.1.0",
      "license": "MIT",
      "dependencies": {
        "find-up": "^3.0.0"
      },
      "engines": {
        "node": ">=8"
      }
    },
    "../bundle/node_modules/universalify": {
      "version": "2.0.0",
      "license": "MIT",
      "engines": {
        "node": ">= 10.0.0"
      }
    },
    "../config": {
      "name": "@b-mo/config",
      "version": "0.7.0",
      "license": "Apache-2.0",
      "dependencies": {
        "@b-mo/es6-require": "^0.7.0",
        "lodash": "^4.17.20"
      }
    },
    "../config/node_modules/@b-mo/es6-require": {
      "resolved": "../es6Require",
      "link": true
    },
    "../config/node_modules/lodash": {
      "version": "4.17.21",
      "license": "MIT"
    },
    "../es6Require": {
      "name": "@b-mo/es6-require",
      "version": "0.7.0",
      "license": "Apache-2.0"
    },
    "../injector": {
      "name": "@b-mo/injector",
      "version": "0.7.0",
      "license": "Apache-2.0",
      "dependencies": {
        "@b-mo/es6-require": "^0.7.0",
        "builtin-modules": "^3.2.0",
        "espree": "^7.3.1",
        "esquery": "^1.4.0",
        "lodash": "^4.17.20",
        "pkg-up": "^3.1.0"
      }
    },
    "../injector/node_modules/@b-mo/es6-require": {
      "resolved": "../es6Require",
      "link": true
    },
    "../injector/node_modules/acorn": {
      "version": "7.4.1",
      "license": "MIT",
      "bin": {
        "acorn": "bin/acorn"
      },
      "engines": {
        "node": ">=0.4.0"
      }
    },
    "../injector/node_modules/acorn-jsx": {
      "version": "5.3.2",
      "license": "MIT",
      "peerDependencies": {
        "acorn": "^6.0.0 || ^7.0.0 || ^8.0.0"
      }
    },
    "../injector/node_modules/builtin-modules": {
      "version": "3.3.0",
      "license": "MIT",
      "engines": {
        "node": ">=6"
      },
      "funding": {
        "url": "https://github.com/sponsors/sindresorhus"
      }
    },
    "../injector/node_modules/eslint-visitor-keys": {
      "version": "1.3.0",
      "license": "Apache-2.0",
      "engines": {
        "node": ">=4"
      }
    },
    "../injector/node_modules/espree": {
      "version": "7.3.1",
      "license": "BSD-2-Clause",
      "dependencies": {
        "acorn": "^7.4.0",
        "acorn-jsx": "^5.3.1",
        "eslint-visitor-keys": "^1.3.0"
      },
      "engines": {
        "node": "^10.12.0 || >=12.0.0"
      }
    },
    "../injector/node_modules/esquery": {
      "version": "1.4.2",
      "license": "BSD-3-Clause",
      "dependencies": {
        "estraverse": "^5.1.0"
      },
      "engines": {
        "node": ">=0.10"
      }
    },
    "../injector/node_modules/estraverse": {
      "version": "5.3.0",
      "license": "BSD-2-Clause",
      "engines": {
        "node": ">=4.0"
      }
    },
    "../injector/node_modules/find-up": {
      "version": "3.0.0",
      "license": "MIT",
      "dependencies": {
        "locate-path": "^3.0.0"
      },
      "engines": {
        "node": ">=6"
      }
    },
    "../injector/node_modules/locate-path": {
      "version": "3.0.0",
      "license": "MIT",
      "dependencies": {
        "p-locate": "^3.0.0",
        "path-exists": "^3.0.0"
      },
      "engines": {
        "node": ">=6"
      }
    },
    "../injector/node_modules/lodash": {
      "version": "4.17.21",
      "license": "MIT"
    },
    "../injector/node_modules/p-limit": {
      "version": "2.3.0",
      "license": "MIT",
      "dependencies": {
        "p-try": "^2.0.0"
      },
      "engines": {
        "node": ">=6"
      },
      "funding": {
        "url": "https://github.com/sponsors/sindresorhus"
      }
    },
    "../injector/node_modules/p-locate": {
      "version": "3.0.0",
      "license": "MIT",
      "dependencies": {
        "p-limit": "^2.0.0"
      },
      "engines": {
        "node": ">=6"
      }
    },
    "../injector/node_modules/p-try": {
      "version": "2.2.0",
      "license": "MIT",
      "engines": {
        "node": ">=6"
      }
    },
    "../injector/node_modules/path-exists": {
      "version": "3.0.0",
      "license": "MIT",
      "engines": {
        "node": ">=4"
      }
    },
    "../injector/node_modules/pkg-up": {
      "version": "3.1.0",
      "license": "MIT",
      "dependencies": {
        "find-up": "^3.0.0"
      },
      "engines": {
        "node": ">=8"
      }
    },
    "../moduleLoader": {
      "name": "@b-mo/module-loader",
      "version": "0.7.1",
      "license": "Apache-2.0",
      "dependencies": {
        "@b-mo/es6-require": "^0.7.0",
        "lodash": "^4.17.15"
      }
    },
    "../moduleLoader/node_modules/@b-mo/es6-require": {
      "resolved": "../es6Require",
      "link": true
    },
    "../moduleLoader/node_modules/lodash": {
      "version": "4.17.21",
      "license": "MIT"
    },
    "node_modules/@b-mo/bundle": {
      "resolved": "../bundle",
      "link": true
    },
    "node_modules/@b-mo/injector": {
      "resolved": "../injector",
      "link": true
    },
    "node_modules/dotenv": {
      "version": "8.6.0",
      "license": "BSD-2-Clause",
      "engines": {
        "node": ">=10"
      }
    },
    "node_modules/lodash": {
      "version": "4.17.21",
      "license": "MIT"
    }
  },
  "dependencies": {
    "@b-mo/bundle": {
      "version": "file:../bundle",
      "requires": {
        "@b-mo/config": "^0.7.0",
        "@b-mo/es6-require": "^0.7.0",
        "@b-mo/injector": "^0.7.0",
        "@b-mo/module-loader": "^0.7.0",
        "fs-extra": "^9.1.0",
        "lodash": "^4.17.20",
        "pkg-up": "^3.1.0"
      },
      "dependencies": {
        "@b-mo/config": {
          "version": "file:../config",
          "requires": {
            "@b-mo/es6-require": "^0.7.0",
            "lodash": "^4.17.20"
          },
          "dependencies": {
            "@b-mo/es6-require": {
              "version": "file:../es6Require"
            },
            "lodash": {
              "version": "4.17.21"
            }
          }
        },
        "@b-mo/es6-require": {
          "version": "file:../es6Require"
        },
        "@b-mo/injector": {
          "version": "file:../injector",
          "requires": {
            "@b-mo/es6-require": "^0.7.0",
            "builtin-modules": "^3.2.0",
            "espree": "^7.3.1",
            "esquery": "^1.4.0",
            "lodash": "^4.17.20",
            "pkg-up": "^3.1.0"
          },
          "dependencies": {
            "@b-mo/es6-require": {
              "version": "file:../es6Require"
            },
            "acorn": {
              "version": "7.4.1"
            },
            "acorn-jsx": {
              "version": "5.3.2",
              "requires": {}
            },
            "builtin-modules": {
              "version": "3.3.0"
            },
            "eslint-visitor-keys": {
              "version": "1.3.0"
            },
            "espree": {
              "version": "7.3.1",
              "requires": {
                "acorn": "^7.4.0",
                "acorn-jsx": "^5.3.1",
                "eslint-visitor-keys": "^1.3.0"
              }
            },
            "esquery": {
              "version": "1.4.2",
              "requires": {
                "estraverse": "^5.1.0"
              }
            },
            "estraverse": {
              "version": "5.3.0"
            },
            "find-up": {
              "version": "3.0.0",
              "requires": {
                "locate-path": "^3.0.0"
              }
            },
            "locate-path": {
              "version": "3.0.0",
              "requires": {
                "p-locate": "^3.0.0",
                "path-exists": "^3.0.0"
              }
            },
            "lodash": {
              "version": "4.17.21"
            },
            "p-limit": {
              "version": "2.3.0",
              "requires": {
                "p-try": "^2.0.0"
              }
            },
            "p-locate": {
              "version": "3.0.0",
              "requires": {
                "p-limit": "^2.0.0"
              }
            },
            "p-try": {
              "version": "2.2.0"
            },
            "path-exists": {
              "version": "3.0.0"
            },
            "pkg-up": {
              "version": "3.1.0",
              "requires": {
                "find-up": "^3.0.0"
              }
            }
          }
        },
        "@b-mo/module-loader": {
          "version": "file:../moduleLoader",
          "requires": {
            "@b-mo/es6-require": "^0.7.0",
            "lodash": "^4.17.15"
          },
          "dependencies": {
            "@b-mo/es6-require": {
              "version": "file:../es6Require"
            },
            "lodash": {
              "version": "4.17.21"
            }
          }
        },
        "at-least-node": {
          "version": "1.0.0"
        },
        "find-up": {
          "version": "3.0.0",
          "requires": {
            "locate-path": "^3.0.0"
          }
        },
        "fs-extra": {
          "version": "9.1.0",
          "requires": {
            "at-least-node": "^1.0.0",
            "graceful-fs": "^4.2.0",
            "jsonfile": "^6.0.1",
            "universalify": "^2.0.0"
          }
        },
        "graceful-fs": {
          "version": "4.2.10"
        },
        "jsonfile": {
          "version": "6.1.0",
          "requires": {
            "graceful-fs": "^4.1.6",
            "universalify": "^2.0.0"
          }
        },
        "locate-path": {
          "version": "3.0.0",
          "requires": {
            "p-locate": "^3.0.0",
            "path-exists": "^3.0.0"
          }
        },
        "lodash": {
          "version": "4.17.21"
        },
        "p-limit": {
          "version": "2.3.0",
          "requires": {
            "p-try": "^2.0.0"
          }
        },
        "p-locate": {
          "version": "3.0.0",
          "requires": {
            "p-limit": "^2.0.0"
          }
        },
        "p-try": {
          "version": "2.2.0"
        },
        "path-exists": {
          "version": "3.0.0"
        },
        "pkg-up": {
          "version": "3.1.0",
          "requires": {
            "find-up": "^3.0.0"
          }
        },
        "universalify": {
          "version": "2.0.0"
        }
      }
    },
    "@b-mo/injector": {
      "version": "file:../injector",
      "requires": {
        "@b-mo/es6-require": "^0.7.0",
        "builtin-modules": "^3.2.0",
        "espree": "^7.3.1",
        "esquery": "^1.4.0",
        "lodash": "^4.17.20",
        "pkg-up": "^3.1.0"
      },
      "dependencies": {
        "@b-mo/es6-require": {
          "version": "file:../es6Require"
        },
        "acorn": {
          "version": "7.4.1"
        },
        "acorn-jsx": {
          "version": "5.3.2",
          "requires": {}
        },
        "builtin-modules": {
          "version": "3.3.0"
        },
        "eslint-visitor-keys": {
          "version": "1.3.0"
        },
        "espree": {
          "version": "7.3.1",
          "requires": {
            "acorn": "^7.4.0",
            "acorn-jsx": "^5.3.1",
            "eslint-visitor-keys": "^1.3.0"
          }
        },
        "esquery": {
          "version": "1.4.2",
          "requires": {
            "estraverse": "^5.1.0"
          }
        },
        "estraverse": {
          "version": "5.3.0"
        },
        "find-up": {
          "version": "3.0.0",
          "requires": {
            "locate-path": "^3.0.0"
          }
        },
        "locate-path": {
          "version": "3.0.0",
          "requires": {
            "p-locate": "^3.0.0",
            "path-exists": "^3.0.0"
          }
        },
        "lodash": {
          "version": "4.17.21"
        },
        "p-limit": {
          "version": "2.3.0",
          "requires": {
            "p-try": "^2.0.0"
          }
        },
        "p-locate": {
          "version": "3.0.0",
          "requires": {
            "p-limit": "^2.0.0"
          }
        },
        "p-try": {
          "version": "2.2.0"
        },
        "path-exists": {
          "version": "3.0.0"
        },
        "pkg-up": {
          "version": "3.1.0",
          "requires": {
            "find-up": "^3.0.0"
          }
        }
      }
    },
    "dotenv": {
      "version": "8.6.0"
    },
    "lodash": {
      "version": "4.17.21"
    }
  }
}
